
Microsoft Visual Studio Solution File, Format Version 12.00
# Visual Studio Version 17
VisualStudioVersion = 17.8.34309.116
MinimumVisualStudioVersion = 10.0.40219.1
Project("{FAE04EC0-301F-11D3-BF4B-00C04F79EFBC}") = "ClassicApp", "ClassicApp\ClassicApp.csproj", "{49DDD711-0B30-41BF-A240-00C0AF2E365A}"
EndProject
Global
	GlobalSection(SolutionConfigurationPlatforms) = preSolution
		Debug|Any CPU = Debug|Any CPU
		Release|Any CPU = Release|Any CPU
	EndGlobalSection
	GlobalSection(ProjectConfigurationPlatforms) = postSolution
		{49DDD711-0B30-41BF-A240-00C0AF2E365A}.Debug|Any CPU.ActiveCfg = Debug|Any CPU
		{49DDD711-0B30-41BF-A240-00C0AF2E365A}.Debug|Any CPU.Build.0 = Debug|Any CPU
		{49DDD711-0B30-41BF-A240-00C0AF2E365A}.Release|Any CPU.ActiveCfg = Release|Any CPU
		{49DDD711-0B30-41BF-A240-00C0AF2E365A}.Release|Any CPU.Build.0 = Release|Any CPU
	EndGlobalSection
	GlobalSection(SolutionProperties) = preSolution
		HideSolutionNode = FALSE
	EndGlobalSection
	GlobalSection(ExtensibilityGlobals) = postSolution
		SolutionGuid = {2483BDFB-69B2-4AAF-BB94-EFD0FD7E92F1}
	EndGlobalSection
EndGlobal
